
Microsoft Visual Studio Solution File, Format Version 12.00
# Visual Studio 14
VisualStudioVersion = 14.0.23107.0
MinimumVisualStudioVersion = 10.0.40219.1
Project("{FAE04EC0-301F-11D3-BF4B-00C04F79EFBC}") = "PymeTamFinal", "PymeTamFinal\PymeTamFinal.csproj", "{403B2465-56C7-4AFE-A1AC-075E082E543C}"
EndProject
Project("{FAE04EC0-301F-11D3-BF4B-00C04F79EFBC}") = "PymeTamFinal.CapaDatos", "PymeTamFinal.CapaDatos\PymeTamFinal.CapaDatos.csproj", "{1A3ED0A6-E1F1-4A3B-A7F8-A2217C121968}"
EndProject
Project("{FAE04EC0-301F-11D3-BF4B-00C04F79EFBC}") = "PymeTamFinal.Repositorios", "PymeTamFinal.Repositorios\PymeTamFinal.Repositorios.csproj", "{AA533283-C728-488A-B705-138671A72BF2}"
EndProject
Project("{FAE04EC0-301F-11D3-BF4B-00C04F79EFBC}") = "PymeTamFinal.Modelos", "PymeTamFinal.Modelos\PymeTamFinal.Modelos.csproj", "{88D0D52D-9478-4E09-BD44-7DA181CE4D69}"
EndProject
Project("{FAE04EC0-301F-11D3-BF4B-00C04F79EFBC}") = "PymeTamFinal.HtmlHelpers", "PymeTamFinal.HtmlHelpers\PymeTamFinal.HtmlHelpers.csproj", "{6B67C991-4EE4-496F-BC3A-A00AFAC332D7}"
EndProject
Project("{FAE04EC0-301F-11D3-BF4B-00C04F79EFBC}") = "PymeTamFinal.Contratos", "PymeTamFinal.Contratos\PymeTamFinal.Contratos.csproj", "{0E1BF5B2-11F9-419F-8E93-D158CDA2C407}"
EndProject
Project("{2150E333-8FDC-42A3-9474-1A3956D46DE8}") = "AppServer", "AppServer", "{47625A1A-27AB-4B57-8BF6-20B1FABDE67E}"
EndProject
Project("{2150E333-8FDC-42A3-9474-1A3956D46DE8}") = "AppWeb", "AppWeb", "{BB23E7A5-3927-4EEF-A4BD-247EAA9A9C2D}"
EndProject
Project("{FAE04EC0-301F-11D3-BF4B-00C04F79EFBC}") = "PymeTamFinal.MetodosPago", "MetodosPago\PymeTamFinal.MetodosPago.csproj", "{F82D6089-EB0D-4796-91AB-8551080E32FD}"
EndProject
Project("{FAE04EC0-301F-11D3-BF4B-00C04F79EFBC}") = "PymeTamFinal.Controles", "PymeTamFinal.Controles\PymeTamFinal.Controles.csproj", "{6ECF8219-97EB-46F1-A630-24B4001D71AB}"
EndProject
Global
	GlobalSection(SolutionConfigurationPlatforms) = preSolution
		Debug|Any CPU = Debug|Any CPU
		Release|Any CPU = Release|Any CPU
	EndGlobalSection
	GlobalSection(ProjectConfigurationPlatforms) = postSolution
		{403B2465-56C7-4AFE-A1AC-075E082E543C}.Debug|Any CPU.ActiveCfg = Debug|Any CPU
		{403B2465-56C7-4AFE-A1AC-075E082E543C}.Debug|Any CPU.Build.0 = Debug|Any CPU
		{403B2465-56C7-4AFE-A1AC-075E082E543C}.Release|Any CPU.ActiveCfg = Release|Any CPU
		{403B2465-56C7-4AFE-A1AC-075E082E543C}.Release|Any CPU.Build.0 = Release|Any CPU
		{1A3ED0A6-E1F1-4A3B-A7F8-A2217C121968}.Debug|Any CPU.ActiveCfg = Debug|Any CPU
		{1A3ED0A6-E1F1-4A3B-A7F8-A2217C121968}.Debug|Any CPU.Build.0 = Debug|Any CPU
		{1A3ED0A6-E1F1-4A3B-A7F8-A2217C121968}.Release|Any CPU.ActiveCfg = Release|Any CPU
		{1A3ED0A6-E1F1-4A3B-A7F8-A2217C121968}.Release|Any CPU.Build.0 = Release|Any CPU
		{AA533283-C728-488A-B705-138671A72BF2}.Debug|Any CPU.ActiveCfg = Debug|Any CPU
		{AA533283-C728-488A-B705-138671A72BF2}.Debug|Any CPU.Build.0 = Debug|Any CPU
		{AA533283-C728-488A-B705-138671A72BF2}.Release|Any CPU.ActiveCfg = Release|Any CPU
		{AA533283-C728-488A-B705-138671A72BF2}.Release|Any CPU.Build.0 = Release|Any CPU
		{88D0D52D-9478-4E09-BD44-7DA181CE4D69}.Debug|Any CPU.ActiveCfg = Debug|Any CPU
		{88D0D52D-9478-4E09-BD44-7DA181CE4D69}.Debug|Any CPU.Build.0 = Debug|Any CPU
		{88D0D52D-9478-4E09-BD44-7DA181CE4D69}.Release|Any CPU.ActiveCfg = Release|Any CPU
		{88D0D52D-9478-4E09-BD44-7DA181CE4D69}.Release|Any CPU.Build.0 = Release|Any CPU
		{6B67C991-4EE4-496F-BC3A-A00AFAC332D7}.Debug|Any CPU.ActiveCfg = Debug|Any CPU
		{6B67C991-4EE4-496F-BC3A-A00AFAC332D7}.Debug|Any CPU.Build.0 = Debug|Any CPU
		{6B67C991-4EE4-496F-BC3A-A00AFAC332D7}.Release|Any CPU.ActiveCfg = Release|Any CPU
		{6B67C991-4EE4-496F-BC3A-A00AFAC332D7}.Release|Any CPU.Build.0 = Release|Any CPU
		{0E1BF5B2-11F9-419F-8E93-D158CDA2C407}.Debug|Any CPU.ActiveCfg = Debug|Any CPU
		{0E1BF5B2-11F9-419F-8E93-D158CDA2C407}.Debug|Any CPU.Build.0 = Debug|Any CPU
		{0E1BF5B2-11F9-419F-8E93-D158CDA2C407}.Release|Any CPU.ActiveCfg = Release|Any CPU
		{0E1BF5B2-11F9-419F-8E93-D158CDA2C407}.Release|Any CPU.Build.0 = Release|Any CPU
		{F82D6089-EB0D-4796-91AB-8551080E32FD}.Debug|Any CPU.ActiveCfg = Debug|Any CPU
		{F82D6089-EB0D-4796-91AB-8551080E32FD}.Debug|Any CPU.Build.0 = Debug|Any CPU
		{F82D6089-EB0D-4796-91AB-8551080E32FD}.Release|Any CPU.ActiveCfg = Release|Any CPU
		{F82D6089-EB0D-4796-91AB-8551080E32FD}.Release|Any CPU.Build.0 = Release|Any CPU
		{6ECF8219-97EB-46F1-A630-24B4001D71AB}.Debug|Any CPU.ActiveCfg = Debug|Any CPU
		{6ECF8219-97EB-46F1-A630-24B4001D71AB}.Debug|Any CPU.Build.0 = Debug|Any CPU
		{6ECF8219-97EB-46F1-A630-24B4001D71AB}.Release|Any CPU.ActiveCfg = Release|Any CPU
		{6ECF8219-97EB-46F1-A630-24B4001D71AB}.Release|Any CPU.Build.0 = Release|Any CPU
	EndGlobalSection
	GlobalSection(SolutionProperties) = preSolution
		HideSolutionNode = FALSE
	EndGlobalSection
	GlobalSection(NestedProjects) = preSolution
		{403B2465-56C7-4AFE-A1AC-075E082E543C} = {BB23E7A5-3927-4EEF-A4BD-247EAA9A9C2D}
		{1A3ED0A6-E1F1-4A3B-A7F8-A2217C121968} = {47625A1A-27AB-4B57-8BF6-20B1FABDE67E}
		{AA533283-C728-488A-B705-138671A72BF2} = {47625A1A-27AB-4B57-8BF6-20B1FABDE67E}
		{88D0D52D-9478-4E09-BD44-7DA181CE4D69} = {47625A1A-27AB-4B57-8BF6-20B1FABDE67E}
		{6B67C991-4EE4-496F-BC3A-A00AFAC332D7} = {BB23E7A5-3927-4EEF-A4BD-247EAA9A9C2D}
		{0E1BF5B2-11F9-419F-8E93-D158CDA2C407} = {47625A1A-27AB-4B57-8BF6-20B1FABDE67E}
		{F82D6089-EB0D-4796-91AB-8551080E32FD} = {47625A1A-27AB-4B57-8BF6-20B1FABDE67E}
		{6ECF8219-97EB-46F1-A630-24B4001D71AB} = {47625A1A-27AB-4B57-8BF6-20B1FABDE67E}
	EndGlobalSection
EndGlobal
